// !$*UTF8*$!
{
	archiveVersion = 1;
	classes = {
	};
	objectVersion = 50;
	objects = {

/* Begin PBXBuildFile section */
		C9194F0C204D8B24002DCAC0 /* AppDelegate.swift in Sources */ = {isa = PBXBuildFile; fileRef = C9194F0B204D8B24002DCAC0 /* AppDelegate.swift */; };
		C9194F0E204D8B24002DCAC0 /* ViewController.swift in Sources */ = {isa = PBXBuildFile; fileRef = C9194F0D204D8B24002DCAC0 /* ViewController.swift */; };
		C9194F11204D8B24002DCAC0 /* Main.storyboard in Resources */ = {isa = PBXBuildFile; fileRef = C9194F0F204D8B24002DCAC0 /* Main.storyboard */; };
		C9194F13204D8B25002DCAC0 /* Assets.xcassets in Resources */ = {isa = PBXBuildFile; fileRef = C9194F12204D8B25002DCAC0 /* Assets.xcassets */; };
		C9194F16204D8B25002DCAC0 /* LaunchScreen.storyboard in Resources */ = {isa = PBXBuildFile; fileRef = C9194F14204D8B25002DCAC0 /* LaunchScreen.storyboard */; };
		C94444982058339900C97FDE /* NormalView.swift in Sources */ = {isa = PBXBuildFile; fileRef = C94444972058339900C97FDE /* NormalView.swift */; };
		C944449A205833AA00C97FDE /* ListCardView.swift in Sources */ = {isa = PBXBuildFile; fileRef = C9444499205833AA00C97FDE /* ListCardView.swift */; };
		C94444C52058348400C97FDE /* ConstraintMultiplierTarget.swift in Sources */ = {isa = PBXBuildFile; fileRef = C94444A12058348400C97FDE /* ConstraintMultiplierTarget.swift */; };
		C94444C62058348400C97FDE /* LayoutConstraintItem.swift in Sources */ = {isa = PBXBuildFile; fileRef = C94444A22058348400C97FDE /* LayoutConstraintItem.swift */; };
		C94444C72058348400C97FDE /* ConstraintDescription.swift in Sources */ = {isa = PBXBuildFile; fileRef = C94444A32058348400C97FDE /* ConstraintDescription.swift */; };
		C94444C82058348400C97FDE /* ConstraintMakerPriortizable.swift in Sources */ = {isa = PBXBuildFile; fileRef = C94444A42058348400C97FDE /* ConstraintMakerPriortizable.swift */; };
		C94444C92058348400C97FDE /* ConstraintAttributes.swift in Sources */ = {isa = PBXBuildFile; fileRef = C94444A52058348400C97FDE /* ConstraintAttributes.swift */; };
		C94444CA2058348400C97FDE /* ConstraintViewDSL.swift in Sources */ = {isa = PBXBuildFile; fileRef = C94444A62058348400C97FDE /* ConstraintViewDSL.swift */; };
		C94444CB2058348400C97FDE /* ConstraintPriorityTarget.swift in Sources */ = {isa = PBXBuildFile; fileRef = C94444A72058348400C97FDE /* ConstraintPriorityTarget.swift */; };
		C94444CC2058348400C97FDE /* ConstraintInsets.swift in Sources */ = {isa = PBXBuildFile; fileRef = C94444A82058348400C97FDE /* ConstraintInsets.swift */; };
		C94444CD2058348400C97FDE /* ConstraintMakerFinalizable.swift in Sources */ = {isa = PBXBuildFile; fileRef = C94444A92058348400C97FDE /* ConstraintMakerFinalizable.swift */; };
		C94444CE2058348400C97FDE /* ConstraintDSL.swift in Sources */ = {isa = PBXBuildFile; fileRef = C94444AA2058348400C97FDE /* ConstraintDSL.swift */; };
		C94444CF2058348400C97FDE /* ConstraintMakerExtendable.swift in Sources */ = {isa = PBXBuildFile; fileRef = C94444AB2058348400C97FDE /* ConstraintMakerExtendable.swift */; };
		C94444D02058348400C97FDE /* ConstraintPriority.swift in Sources */ = {isa = PBXBuildFile; fileRef = C94444AC2058348400C97FDE /* ConstraintPriority.swift */; };
		C94444D12058348400C97FDE /* ConstraintInsetTarget.swift in Sources */ = {isa = PBXBuildFile; fileRef = C94444AD2058348400C97FDE /* ConstraintInsetTarget.swift */; };
		C94444D22058348400C97FDE /* ConstraintConfig.swift in Sources */ = {isa = PBXBuildFile; fileRef = C94444AF2058348400C97FDE /* ConstraintConfig.swift */; };
		C94444D32058348400C97FDE /* UILayoutSupport+Extensions.swift in Sources */ = {isa = PBXBuildFile; fileRef = C94444B02058348400C97FDE /* UILayoutSupport+Extensions.swift */; };
		C94444D42058348400C97FDE /* ConstraintView.swift in Sources */ = {isa = PBXBuildFile; fileRef = C94444B12058348400C97FDE /* ConstraintView.swift */; };
		C94444D52058348400C97FDE /* ConstraintLayoutGuide.swift in Sources */ = {isa = PBXBuildFile; fileRef = C94444B22058348400C97FDE /* ConstraintLayoutGuide.swift */; };
		C94444D62058348400C97FDE /* ConstraintLayoutSupport.swift in Sources */ = {isa = PBXBuildFile; fileRef = C94444B32058348400C97FDE /* ConstraintLayoutSupport.swift */; };
		C94444D72058348400C97FDE /* Typealiases.swift in Sources */ = {isa = PBXBuildFile; fileRef = C94444B42058348400C97FDE /* Typealiases.swift */; };
		C94444D82058348400C97FDE /* ConstraintConstantTarget.swift in Sources */ = {isa = PBXBuildFile; fileRef = C94444B52058348400C97FDE /* ConstraintConstantTarget.swift */; };
		C94444D92058348400C97FDE /* ConstraintOffsetTarget.swift in Sources */ = {isa = PBXBuildFile; fileRef = C94444B62058348400C97FDE /* ConstraintOffsetTarget.swift */; };
		C94444DA2058348400C97FDE /* ConstraintMakerEditable.swift in Sources */ = {isa = PBXBuildFile; fileRef = C94444B72058348400C97FDE /* ConstraintMakerEditable.swift */; };
		C94444DB2058348400C97FDE /* ConstraintMaker.swift in Sources */ = {isa = PBXBuildFile; fileRef = C94444B82058348400C97FDE /* ConstraintMaker.swift */; };
		C94444DC2058348400C97FDE /* ConstraintRelation.swift in Sources */ = {isa = PBXBuildFile; fileRef = C94444B92058348400C97FDE /* ConstraintRelation.swift */; };
		C94444DD2058348400C97FDE /* ConstraintLayoutGuideDSL.swift in Sources */ = {isa = PBXBuildFile; fileRef = C94444BA2058348400C97FDE /* ConstraintLayoutGuideDSL.swift */; };
		C94444DE2058348400C97FDE /* ConstraintView+Extensions.swift in Sources */ = {isa = PBXBuildFile; fileRef = C94444BB2058348400C97FDE /* ConstraintView+Extensions.swift */; };
		C94444DF2058348400C97FDE /* ConstraintItem.swift in Sources */ = {isa = PBXBuildFile; fileRef = C94444BC2058348400C97FDE /* ConstraintItem.swift */; };
		C94444E02058348400C97FDE /* Constraint.swift in Sources */ = {isa = PBXBuildFile; fileRef = C94444BD2058348400C97FDE /* Constraint.swift */; };
		C94444E12058348400C97FDE /* Debugging.swift in Sources */ = {isa = PBXBuildFile; fileRef = C94444BE2058348400C97FDE /* Debugging.swift */; };
		C94444E22058348400C97FDE /* ConstraintRelatableTarget.swift in Sources */ = {isa = PBXBuildFile; fileRef = C94444BF2058348400C97FDE /* ConstraintRelatableTarget.swift */; };
		C94444E32058348400C97FDE /* Info.plist in Resources */ = {isa = PBXBuildFile; fileRef = C94444C02058348400C97FDE /* Info.plist */; };
		C94444E42058348400C97FDE /* LayoutConstraint.swift in Sources */ = {isa = PBXBuildFile; fileRef = C94444C12058348400C97FDE /* LayoutConstraint.swift */; };
		C94444E52058348400C97FDE /* ConstraintLayoutGuide+Extensions.swift in Sources */ = {isa = PBXBuildFile; fileRef = C94444C22058348400C97FDE /* ConstraintLayoutGuide+Extensions.swift */; };
		C94444E62058348400C97FDE /* ConstraintLayoutSupportDSL.swift in Sources */ = {isa = PBXBuildFile; fileRef = C94444C32058348400C97FDE /* ConstraintLayoutSupportDSL.swift */; };
		C94444E72058348400C97FDE /* ConstraintMakerRelatable.swift in Sources */ = {isa = PBXBuildFile; fileRef = C94444C42058348400C97FDE /* ConstraintMakerRelatable.swift */; };
		E29FC43BFE425BB72D1BB9C8 /* Pods_Egen.framework in Frameworks */ = {isa = PBXBuildFile; fileRef = 8CEFF34D5C1A0202339D71B8 /* Pods_Egen.framework */; };
/* End PBXBuildFile section */

/* Begin PBXFileReference section */
		8CEFF34D5C1A0202339D71B8 /* Pods_Egen.framework */ = {isa = PBXFileReference; explicitFileType = wrapper.framework; includeInIndex = 0; path = Pods_Egen.framework; sourceTree = BUILT_PRODUCTS_DIR; };
		B0A11C3E3D5BB8EDF77EE94D /* Pods-Egen.release.xcconfig */ = {isa = PBXFileReference; includeInIndex = 1; lastKnownFileType = text.xcconfig; name = "Pods-Egen.release.xcconfig"; path = "Pods/Target Support Files/Pods-Egen/Pods-Egen.release.xcconfig"; sourceTree = "<group>"; };
		C9194F08204D8B24002DCAC0 /* Egen.app */ = {isa = PBXFileReference; explicitFileType = wrapper.application; includeInIndex = 0; path = Egen.app; sourceTree = BUILT_PRODUCTS_DIR; };
		C9194F0B204D8B24002DCAC0 /* AppDelegate.swift */ = {isa = PBXFileReference; lastKnownFileType = sourcecode.swift; path = AppDelegate.swift; sourceTree = "<group>"; };
		C9194F0D204D8B24002DCAC0 /* ViewController.swift */ = {isa = PBXFileReference; lastKnownFileType = sourcecode.swift; path = ViewController.swift; sourceTree = "<group>"; };
		C9194F10204D8B24002DCAC0 /* Base */ = {isa = PBXFileReference; lastKnownFileType = file.storyboard; name = Base; path = Base.lproj/Main.storyboard; sourceTree = "<group>"; };
		C9194F12204D8B25002DCAC0 /* Assets.xcassets */ = {isa = PBXFileReference; lastKnownFileType = folder.assetcatalog; path = Assets.xcassets; sourceTree = "<group>"; };
		C9194F15204D8B25002DCAC0 /* Base */ = {isa = PBXFileReference; lastKnownFileType = file.storyboard; name = Base; path = Base.lproj/LaunchScreen.storyboard; sourceTree = "<group>"; };
		C9194F17204D8B25002DCAC0 /* Info.plist */ = {isa = PBXFileReference; lastKnownFileType = text.plist.xml; path = Info.plist; sourceTree = "<group>"; };
		C94444972058339900C97FDE /* NormalView.swift */ = {isa = PBXFileReference; lastKnownFileType = sourcecode.swift; path = NormalView.swift; sourceTree = "<group>"; };
		C9444499205833AA00C97FDE /* ListCardView.swift */ = {isa = PBXFileReference; lastKnownFileType = sourcecode.swift; path = ListCardView.swift; sourceTree = "<group>"; };
		C94444A12058348400C97FDE /* ConstraintMultiplierTarget.swift */ = {isa = PBXFileReference; fileEncoding = 4; lastKnownFileType = sourcecode.swift; path = ConstraintMultiplierTarget.swift; sourceTree = "<group>"; };
		C94444A22058348400C97FDE /* LayoutConstraintItem.swift */ = {isa = PBXFileReference; fileEncoding = 4; lastKnownFileType = sourcecode.swift; path = LayoutConstraintItem.swift; sourceTree = "<group>"; };
		C94444A32058348400C97FDE /* ConstraintDescription.swift */ = {isa = PBXFileReference; fileEncoding = 4; lastKnownFileType = sourcecode.swift; path = ConstraintDescription.swift; sourceTree = "<group>"; };
		C94444A42058348400C97FDE /* ConstraintMakerPriortizable.swift */ = {isa = PBXFileReference; fileEncoding = 4; lastKnownFileType = sourcecode.swift; path = ConstraintMakerPriortizable.swift; sourceTree = "<group>"; };
		C94444A52058348400C97FDE /* ConstraintAttributes.swift */ = {isa = PBXFileReference; fileEncoding = 4; lastKnownFileType = sourcecode.swift; path = ConstraintAttributes.swift; sourceTree = "<group>"; };
		C94444A62058348400C97FDE /* ConstraintViewDSL.swift */ = {isa = PBXFileReference; fileEncoding = 4; lastKnownFileType = sourcecode.swift; path = ConstraintViewDSL.swift; sourceTree = "<group>"; };
		C94444A72058348400C97FDE /* ConstraintPriorityTarget.swift */ = {isa = PBXFileReference; fileEncoding = 4; lastKnownFileType = sourcecode.swift; path = ConstraintPriorityTarget.swift; sourceTree = "<group>"; };
		C94444A82058348400C97FDE /* ConstraintInsets.swift */ = {isa = PBXFileReference; fileEncoding = 4; lastKnownFileType = sourcecode.swift; path = ConstraintInsets.swift; sourceTree = "<group>"; };
		C94444A92058348400C97FDE /* ConstraintMakerFinalizable.swift */ = {isa = PBXFileReference; fileEncoding = 4; lastKnownFileType = sourcecode.swift; path = ConstraintMakerFinalizable.swift; sourceTree = "<group>"; };
		C94444AA2058348400C97FDE /* ConstraintDSL.swift */ = {isa = PBXFileReference; fileEncoding = 4; lastKnownFileType = sourcecode.swift; path = ConstraintDSL.swift; sourceTree = "<group>"; };
		C94444AB2058348400C97FDE /* ConstraintMakerExtendable.swift */ = {isa = PBXFileReference; fileEncoding = 4; lastKnownFileType = sourcecode.swift; path = ConstraintMakerExtendable.swift; sourceTree = "<group>"; };
		C94444AC2058348400C97FDE /* ConstraintPriority.swift */ = {isa = PBXFileReference; fileEncoding = 4; lastKnownFileType = sourcecode.swift; path = ConstraintPriority.swift; sourceTree = "<group>"; };
		C94444AD2058348400C97FDE /* ConstraintInsetTarget.swift */ = {isa = PBXFileReference; fileEncoding = 4; lastKnownFileType = sourcecode.swift; path = ConstraintInsetTarget.swift; sourceTree = "<group>"; };
		C94444AE2058348400C97FDE /* SnapKit.h */ = {isa = PBXFileReference; fileEncoding = 4; lastKnownFileType = sourcecode.c.h; path = SnapKit.h; sourceTree = "<group>"; };
		C94444AF2058348400C97FDE /* ConstraintConfig.swift */ = {isa = PBXFileReference; fileEncoding = 4; lastKnownFileType = sourcecode.swift; path = ConstraintConfig.swift; sourceTree = "<group>"; };
		C94444B02058348400C97FDE /* UILayoutSupport+Extensions.swift */ = {isa = PBXFileReference; fileEncoding = 4; lastKnownFileType = sourcecode.swift; path = "UILayoutSupport+Extensions.swift"; sourceTree = "<group>"; };
		C94444B12058348400C97FDE /* ConstraintView.swift */ = {isa = PBXFileReference; fileEncoding = 4; lastKnownFileType = sourcecode.swift; path = ConstraintView.swift; sourceTree = "<group>"; };
		C94444B22058348400C97FDE /* ConstraintLayoutGuide.swift */ = {isa = PBXFileReference; fileEncoding = 4; lastKnownFileType = sourcecode.swift; path = ConstraintLayoutGuide.swift; sourceTree = "<group>"; };
		C94444B32058348400C97FDE /* ConstraintLayoutSupport.swift */ = {isa = PBXFileReference; fileEncoding = 4; lastKnownFileType = sourcecode.swift; path = ConstraintLayoutSupport.swift; sourceTree = "<group>"; };
		C94444B42058348400C97FDE /* Typealiases.swift */ = {isa = PBXFileReference; fileEncoding = 4; lastKnownFileType = sourcecode.swift; path = Typealiases.swift; sourceTree = "<group>"; };
		C94444B52058348400C97FDE /* ConstraintConstantTarget.swift */ = {isa = PBXFileReference; fileEncoding = 4; lastKnownFileType = sourcecode.swift; path = ConstraintConstantTarget.swift; sourceTree = "<group>"; };
		C94444B62058348400C97FDE /* ConstraintOffsetTarget.swift */ = {isa = PBXFileReference; fileEncoding = 4; lastKnownFileType = sourcecode.swift; path = ConstraintOffsetTarget.swift; sourceTree = "<group>"; };
		C94444B72058348400C97FDE /* ConstraintMakerEditable.swift */ = {isa = PBXFileReference; fileEncoding = 4; lastKnownFileType = sourcecode.swift; path = ConstraintMakerEditable.swift; sourceTree = "<group>"; };
		C94444B82058348400C97FDE /* ConstraintMaker.swift */ = {isa = PBXFileReference; fileEncoding = 4; lastKnownFileType = sourcecode.swift; path = ConstraintMaker.swift; sourceTree = "<group>"; };
		C94444B92058348400C97FDE /* ConstraintRelation.swift */ = {isa = PBXFileReference; fileEncoding = 4; lastKnownFileType = sourcecode.swift; path = ConstraintRelation.swift; sourceTree = "<group>"; };
		C94444BA2058348400C97FDE /* ConstraintLayoutGuideDSL.swift */ = {isa = PBXFileReference; fileEncoding = 4; lastKnownFileType = sourcecode.swift; path = ConstraintLayoutGuideDSL.swift; sourceTree = "<group>"; };
		C94444BB2058348400C97FDE /* ConstraintView+Extensions.swift */ = {isa = PBXFileReference; fileEncoding = 4; lastKnownFileType = sourcecode.swift; path = "ConstraintView+Extensions.swift"; sourceTree = "<group>"; };
		C94444BC2058348400C97FDE /* ConstraintItem.swift */ = {isa = PBXFileReference; fileEncoding = 4; lastKnownFileType = sourcecode.swift; path = ConstraintItem.swift; sourceTree = "<group>"; };
		C94444BD2058348400C97FDE /* Constraint.swift */ = {isa = PBXFileReference; fileEncoding = 4; lastKnownFileType = sourcecode.swift; path = Constraint.swift; sourceTree = "<group>"; };
		C94444BE2058348400C97FDE /* Debugging.swift */ = {isa = PBXFileReference; fileEncoding = 4; lastKnownFileType = sourcecode.swift; path = Debugging.swift; sourceTree = "<group>"; };
		C94444BF2058348400C97FDE /* ConstraintRelatableTarget.swift */ = {isa = PBXFileReference; fileEncoding = 4; lastKnownFileType = sourcecode.swift; path = ConstraintRelatableTarget.swift; sourceTree = "<group>"; };
		C94444C02058348400C97FDE /* Info.plist */ = {isa = PBXFileReference; fileEncoding = 4; lastKnownFileType = text.plist.xml; path = Info.plist; sourceTree = "<group>"; };
		C94444C12058348400C97FDE /* LayoutConstraint.swift */ = {isa = PBXFileReference; fileEncoding = 4; lastKnownFileType = sourcecode.swift; path = LayoutConstraint.swift; sourceTree = "<group>"; };
		C94444C22058348400C97FDE /* ConstraintLayoutGuide+Extensions.swift */ = {isa = PBXFileReference; fileEncoding = 4; lastKnownFileType = sourcecode.swift; path = "ConstraintLayoutGuide+Extensions.swift"; sourceTree = "<group>"; };
		C94444C32058348400C97FDE /* ConstraintLayoutSupportDSL.swift */ = {isa = PBXFileReference; fileEncoding = 4; lastKnownFileType = sourcecode.swift; path = ConstraintLayoutSupportDSL.swift; sourceTree = "<group>"; };
		C94444C42058348400C97FDE /* ConstraintMakerRelatable.swift */ = {isa = PBXFileReference; fileEncoding = 4; lastKnownFileType = sourcecode.swift; path = ConstraintMakerRelatable.swift; sourceTree = "<group>"; };
		D9511A8D68CF1F6C14C66590 /* Pods-Egen.debug.xcconfig */ = {isa = PBXFileReference; includeInIndex = 1; lastKnownFileType = text.xcconfig; name = "Pods-Egen.debug.xcconfig"; path = "Pods/Target Support Files/Pods-Egen/Pods-Egen.debug.xcconfig"; sourceTree = "<group>"; };
/* End PBXFileReference section */

/* Begin PBXFrameworksBuildPhase section */
		C9194F05204D8B24002DCAC0 /* Frameworks */ = {
			isa = PBXFrameworksBuildPhase;
			buildActionMask = 2147483647;
			files = (
				E29FC43BFE425BB72D1BB9C8 /* Pods_Egen.framework in Frameworks */,
			);
			runOnlyForDeploymentPostprocessing = 0;
		};
/* End PBXFrameworksBuildPhase section */

/* Begin PBXGroup section */
		39A57CC6DFA03CFF1E9FABF2 /* Frameworks */ = {
			isa = PBXGroup;
			children = (
				8CEFF34D5C1A0202339D71B8 /* Pods_Egen.framework */,
			);
			name = Frameworks;
			sourceTree = "<group>";
		};
		79778EE1DBD7F8365F013BF4 /* Pods */ = {
			isa = PBXGroup;
			children = (
				D9511A8D68CF1F6C14C66590 /* Pods-Egen.debug.xcconfig */,
				B0A11C3E3D5BB8EDF77EE94D /* Pods-Egen.release.xcconfig */,
			);
			name = Pods;
			sourceTree = "<group>";
		};
		C9194EFF204D8B24002DCAC0 = {
			isa = PBXGroup;
			children = (
				C9194F0A204D8B24002DCAC0 /* Egen */,
				C9194F09204D8B24002DCAC0 /* Products */,
				79778EE1DBD7F8365F013BF4 /* Pods */,
				39A57CC6DFA03CFF1E9FABF2 /* Frameworks */,
			);
			sourceTree = "<group>";
		};
		C9194F09204D8B24002DCAC0 /* Products */ = {
			isa = PBXGroup;
			children = (
				C9194F08204D8B24002DCAC0 /* Egen.app */,
			);
			name = Products;
			sourceTree = "<group>";
		};
		C9194F0A204D8B24002DCAC0 /* Egen */ = {
			isa = PBXGroup;
			children = (
				C944449F2058347B00C97FDE /* ThirdPart */,
				C94444962058325C00C97FDE /* CardView */,
				C9194F0B204D8B24002DCAC0 /* AppDelegate.swift */,
				C9194F0D204D8B24002DCAC0 /* ViewController.swift */,
				C9194F0F204D8B24002DCAC0 /* Main.storyboard */,
				C9194F12204D8B25002DCAC0 /* Assets.xcassets */,
				C9194F14204D8B25002DCAC0 /* LaunchScreen.storyboard */,
				C9194F17204D8B25002DCAC0 /* Info.plist */,
			);
			path = Egen;
			sourceTree = "<group>";
		};
		C94444962058325C00C97FDE /* CardView */ = {
			isa = PBXGroup;
			children = (
				C94444972058339900C97FDE /* NormalView.swift */,
				C9444499205833AA00C97FDE /* ListCardView.swift */,
			);
			name = CardView;
			path = "../../../../../../yinjianchen/Desktop/My finder/我的开源/Egen/Egen/CardView";
			sourceTree = "<group>";
		};
		C944449F2058347B00C97FDE /* ThirdPart */ = {
			isa = PBXGroup;
			children = (
				C94444A02058348400C97FDE /* SnapKit */,
			);
			name = ThirdPart;
			path = "../../../../../../yinjianchen/Desktop/My finder/我的开源/Egen/ThirdPart";
			sourceTree = "<group>";
		};
		C94444A02058348400C97FDE /* SnapKit */ = {
			isa = PBXGroup;
			children = (
				C94444A12058348400C97FDE /* ConstraintMultiplierTarget.swift */,
				C94444A22058348400C97FDE /* LayoutConstraintItem.swift */,
				C94444A32058348400C97FDE /* ConstraintDescription.swift */,
				C94444A42058348400C97FDE /* ConstraintMakerPriortizable.swift */,
				C94444A52058348400C97FDE /* ConstraintAttributes.swift */,
				C94444A62058348400C97FDE /* ConstraintViewDSL.swift */,
				C94444A72058348400C97FDE /* ConstraintPriorityTarget.swift */,
				C94444A82058348400C97FDE /* ConstraintInsets.swift */,
				C94444A92058348400C97FDE /* ConstraintMakerFinalizable.swift */,
				C94444AA2058348400C97FDE /* ConstraintDSL.swift */,
				C94444AB2058348400C97FDE /* ConstraintMakerExtendable.swift */,
				C94444AC2058348400C97FDE /* ConstraintPriority.swift */,
				C94444AD2058348400C97FDE /* ConstraintInsetTarget.swift */,
				C94444AE2058348400C97FDE /* SnapKit.h */,
				C94444AF2058348400C97FDE /* ConstraintConfig.swift */,
				C94444B02058348400C97FDE /* UILayoutSupport+Extensions.swift */,
				C94444B12058348400C97FDE /* ConstraintView.swift */,
				C94444B22058348400C97FDE /* ConstraintLayoutGuide.swift */,
				C94444B32058348400C97FDE /* ConstraintLayoutSupport.swift */,
				C94444B42058348400C97FDE /* Typealiases.swift */,
				C94444B52058348400C97FDE /* ConstraintConstantTarget.swift */,
				C94444B62058348400C97FDE /* ConstraintOffsetTarget.swift */,
				C94444B72058348400C97FDE /* ConstraintMakerEditable.swift */,
				C94444B82058348400C97FDE /* ConstraintMaker.swift */,
				C94444B92058348400C97FDE /* ConstraintRelation.swift */,
				C94444BA2058348400C97FDE /* ConstraintLayoutGuideDSL.swift */,
				C94444BB2058348400C97FDE /* ConstraintView+Extensions.swift */,
				C94444BC2058348400C97FDE /* ConstraintItem.swift */,
				C94444BD2058348400C97FDE /* Constraint.swift */,
				C94444BE2058348400C97FDE /* Debugging.swift */,
				C94444BF2058348400C97FDE /* ConstraintRelatableTarget.swift */,
				C94444C02058348400C97FDE /* Info.plist */,
				C94444C12058348400C97FDE /* LayoutConstraint.swift */,
				C94444C22058348400C97FDE /* ConstraintLayoutGuide+Extensions.swift */,
				C94444C32058348400C97FDE /* ConstraintLayoutSupportDSL.swift */,
				C94444C42058348400C97FDE /* ConstraintMakerRelatable.swift */,
			);
			path = SnapKit;
			sourceTree = "<group>";
		};
/* End PBXGroup section */

/* Begin PBXNativeTarget section */
		C9194F07204D8B24002DCAC0 /* Egen */ = {
			isa = PBXNativeTarget;
			buildConfigurationList = C9194F1A204D8B25002DCAC0 /* Build configuration list for PBXNativeTarget "Egen" */;
			buildPhases = (
				576B4653D9865BFAA732208C /* [CP] Check Pods Manifest.lock */,
				C9194F04204D8B24002DCAC0 /* Sources */,
				C9194F05204D8B24002DCAC0 /* Frameworks */,
				C9194F06204D8B24002DCAC0 /* Resources */,
				DC3AFFAC5818913749534258 /* [CP] Embed Pods Frameworks */,
				0B994D8F73AAF84E1AE59350 /* [CP] Copy Pods Resources */,
			);
			buildRules = (
			);
			dependencies = (
			);
			name = Egen;
			productName = Egen;
			productReference = C9194F08204D8B24002DCAC0 /* Egen.app */;
			productType = "com.apple.product-type.application";
		};
/* End PBXNativeTarget section */

/* Begin PBXProject section */
		C9194F00204D8B24002DCAC0 /* Project object */ = {
			isa = PBXProject;
			attributes = {
				LastSwiftUpdateCheck = 0930;
				LastUpgradeCheck = 0930;
				ORGANIZATIONNAME = YinTokey;
				TargetAttributes = {
					C9194F07204D8B24002DCAC0 = {
						CreatedOnToolsVersion = 9.3;
					};
				};
			};
			buildConfigurationList = C9194F03204D8B24002DCAC0 /* Build configuration list for PBXProject "Egen" */;
			compatibilityVersion = "Xcode 9.3";
			developmentRegion = en;
			hasScannedForEncodings = 0;
			knownRegions = (
				en,
				Base,
			);
			mainGroup = C9194EFF204D8B24002DCAC0;
			productRefGroup = C9194F09204D8B24002DCAC0 /* Products */;
			projectDirPath = "";
			projectRoot = "";
			targets = (
				C9194F07204D8B24002DCAC0 /* Egen */,
			);
		};
/* End PBXProject section */

/* Begin PBXResourcesBuildPhase section */
		C9194F06204D8B24002DCAC0 /* Resources */ = {
			isa = PBXResourcesBuildPhase;
			buildActionMask = 2147483647;
			files = (
				C94444E32058348400C97FDE /* Info.plist in Resources */,
				C9194F16204D8B25002DCAC0 /* LaunchScreen.storyboard in Resources */,
				C9194F13204D8B25002DCAC0 /* Assets.xcassets in Resources */,
				C9194F11204D8B24002DCAC0 /* Main.storyboard in Resources */,
			);
			runOnlyForDeploymentPostprocessing = 0;
		};
/* End PBXResourcesBuildPhase section */

/* Begin PBXShellScriptBuildPhase section */
		0B994D8F73AAF84E1AE59350 /* [CP] Copy Pods Resources */ = {
			isa = PBXShellScriptBuildPhase;
			buildActionMask = 2147483647;
			files = (
			);
			inputPaths = (
			);
			name = "[CP] Copy Pods Resources";
			outputPaths = (
			);
			runOnlyForDeploymentPostprocessing = 0;
			shellPath = /bin/sh;
			shellScript = "\"${SRCROOT}/Pods/Target Support Files/Pods-Egen/Pods-Egen-resources.sh\"\n";
			showEnvVarsInLog = 0;
		};
		576B4653D9865BFAA732208C /* [CP] Check Pods Manifest.lock */ = {
			isa = PBXShellScriptBuildPhase;
			buildActionMask = 2147483647;
			files = (
			);
			inputPaths = (
				"${PODS_PODFILE_DIR_PATH}/Podfile.lock",
				"${PODS_ROOT}/Manifest.lock",
			);
			name = "[CP] Check Pods Manifest.lock";
			outputPaths = (
				"$(DERIVED_FILE_DIR)/Pods-Egen-checkManifestLockResult.txt",
			);
			runOnlyForDeploymentPostprocessing = 0;
			shellPath = /bin/sh;
			shellScript = "diff \"${PODS_PODFILE_DIR_PATH}/Podfile.lock\" \"${PODS_ROOT}/Manifest.lock\" > /dev/null\nif [ $? != 0 ] ; then\n    # print error to STDERR\n    echo \"error: The sandbox is not in sync with the Podfile.lock. Run 'pod install' or update your CocoaPods installation.\" >&2\n    exit 1\nfi\n# This output is used by Xcode 'outputs' to avoid re-running this script phase.\necho \"SUCCESS\" > \"${SCRIPT_OUTPUT_FILE_0}\"\n";
			showEnvVarsInLog = 0;
		};
		DC3AFFAC5818913749534258 /* [CP] Embed Pods Frameworks */ = {
			isa = PBXShellScriptBuildPhase;
			buildActionMask = 2147483647;
			files = (
			);
			inputPaths = (
				"${SRCROOT}/Pods/Target Support Files/Pods-Egen/Pods-Egen-frameworks.sh",
				"${BUILT_PRODUCTS_DIR}/Alamofire/Alamofire.framework",
				"${BUILT_PRODUCTS_DIR}/Kingfisher/Kingfisher.framework",
				"${BUILT_PRODUCTS_DIR}/Moya/Moya.framework",
				"${BUILT_PRODUCTS_DIR}/Result/Result.framework",
				"${BUILT_PRODUCTS_DIR}/RxCocoa/RxCocoa.framework",
				"${BUILT_PRODUCTS_DIR}/RxDataSources/RxDataSources.framework",
				"${BUILT_PRODUCTS_DIR}/RxSwift/RxSwift.framework",
			);
			name = "[CP] Embed Pods Frameworks";
			outputPaths = (
				"${TARGET_BUILD_DIR}/${FRAMEWORKS_FOLDER_PATH}/Alamofire.framework",
				"${TARGET_BUILD_DIR}/${FRAMEWORKS_FOLDER_PATH}/Kingfisher.framework",
				"${TARGET_BUILD_DIR}/${FRAMEWORKS_FOLDER_PATH}/Moya.framework",
				"${TARGET_BUILD_DIR}/${FRAMEWORKS_FOLDER_PATH}/Result.framework",
				"${TARGET_BUILD_DIR}/${FRAMEWORKS_FOLDER_PATH}/RxCocoa.framework",
				"${TARGET_BUILD_DIR}/${FRAMEWORKS_FOLDER_PATH}/RxDataSources.framework",
				"${TARGET_BUILD_DIR}/${FRAMEWORKS_FOLDER_PATH}/RxSwift.framework",
			);
			runOnlyForDeploymentPostprocessing = 0;
			shellPath = /bin/sh;
			shellScript = "\"${SRCROOT}/Pods/Target Support Files/Pods-Egen/Pods-Egen-frameworks.sh\"\n";
			showEnvVarsInLog = 0;
		};
/* End PBXShellScriptBuildPhase section */

/* Begin PBXSourcesBuildPhase section */
		C9194F04204D8B24002DCAC0 /* Sources */ = {
			isa = PBXSourcesBuildPhase;
			buildActionMask = 2147483647;
			files = (
				C944449A205833AA00C97FDE /* ListCardView.swift in Sources */,
				C94444D42058348400C97FDE /* ConstraintView.swift in Sources */,
				C94444E72058348400C97FDE /* ConstraintMakerRelatable.swift in Sources */,
				C94444E02058348400C97FDE /* Constraint.swift in Sources */,
				C94444DB2058348400C97FDE /* ConstraintMaker.swift in Sources */,
				C94444D72058348400C97FDE /* Typealiases.swift in Sources */,
				C94444982058339900C97FDE /* NormalView.swift in Sources */,
				C9194F0E204D8B24002DCAC0 /* ViewController.swift in Sources */,
				C94444C92058348400C97FDE /* ConstraintAttributes.swift in Sources */,
				C94444DA2058348400C97FDE /* ConstraintMakerEditable.swift in Sources */,
				C94444D12058348400C97FDE /* ConstraintInsetTarget.swift in Sources */,
				C94444CA2058348400C97FDE /* ConstraintViewDSL.swift in Sources */,
				C94444CE2058348400C97FDE /* ConstraintDSL.swift in Sources */,
				C94444D92058348400C97FDE /* ConstraintOffsetTarget.swift in Sources */,
				C94444DD2058348400C97FDE /* ConstraintLayoutGuideDSL.swift in Sources */,
				C94444C82058348400C97FDE /* ConstraintMakerPriortizable.swift in Sources */,
				C94444D02058348400C97FDE /* ConstraintPriority.swift in Sources */,
				C94444CD2058348400C97FDE /* ConstraintMakerFinalizable.swift in Sources */,
				C94444DC2058348400C97FDE /* ConstraintRelation.swift in Sources */,
				C94444C52058348400C97FDE /* ConstraintMultiplierTarget.swift in Sources */,
				C9194F0C204D8B24002DCAC0 /* AppDelegate.swift in Sources */,
				C94444E12058348400C97FDE /* Debugging.swift in Sources */,
				C94444DE2058348400C97FDE /* ConstraintView+Extensions.swift in Sources */,
				C94444C62058348400C97FDE /* LayoutConstraintItem.swift in Sources */,
				C94444D62058348400C97FDE /* ConstraintLayoutSupport.swift in Sources */,
				C94444D32058348400C97FDE /* UILayoutSupport+Extensions.swift in Sources */,
				C94444CB2058348400C97FDE /* ConstraintPriorityTarget.swift in Sources */,
				C94444DF2058348400C97FDE /* ConstraintItem.swift in Sources */,
				C94444E52058348400C97FDE /* ConstraintLayoutGuide+Extensions.swift in Sources */,
				C94444D52058348400C97FDE /* ConstraintLayoutGuide.swift in Sources */,
				C94444D22058348400C97FDE /* ConstraintConfig.swift in Sources */,
				C94444E42058348400C97FDE /* LayoutConstraint.swift in Sources */,
				C94444CC2058348400C97FDE /* ConstraintInsets.swift in Sources */,
				C94444D82058348400C97FDE /* ConstraintConstantTarget.swift in Sources */,
				C94444E62058348400C97FDE /* ConstraintLayoutSupportDSL.swift in Sources */,
				C94444CF2058348400C97FDE /* ConstraintMakerExtendable.swift in Sources */,
				C94444E22058348400C97FDE /* ConstraintRelatableTarget.swift in Sources */,
				C94444C72058348400C97FDE /* ConstraintDescription.swift in Sources */,
			);
			runOnlyForDeploymentPostprocessing = 0;
		};
/* End PBXSourcesBuildPhase section */

/* Begin PBXVariantGroup section */
		C9194F0F204D8B24002DCAC0 /* Main.storyboard */ = {
			isa = PBXVariantGroup;
			children = (
				C9194F10204D8B24002DCAC0 /* Base */,
			);
			name = Main.storyboard;
			sourceTree = "<group>";
		};
		C9194F14204D8B25002DCAC0 /* LaunchScreen.storyboard */ = {
			isa = PBXVariantGroup;
			children = (
				C9194F15204D8B25002DCAC0 /* Base */,
			);
			name = LaunchScreen.storyboard;
			sourceTree = "<group>";
		};
/* End PBXVariantGroup section */

/* Begin XCBuildConfiguration section */
		C9194F18204D8B25002DCAC0 /* Debug */ = {
			isa = XCBuildConfiguration;
			buildSettings = {
				ALWAYS_SEARCH_USER_PATHS = NO;
				CLANG_ANALYZER_NONNULL = YES;
				CLANG_ANALYZER_NUMBER_OBJECT_CONVERSION = YES_AGGRESSIVE;
				CLANG_CXX_LANGUAGE_STANDARD = "gnu++14";
				CLANG_CXX_LIBRARY = "libc++";
				CLANG_ENABLE_MODULES = YES;
				CLANG_ENABLE_OBJC_ARC = YES;
				CLANG_ENABLE_OBJC_WEAK = YES;
				CLANG_WARN_BLOCK_CAPTURE_AUTORELEASING = YES;
				CLANG_WARN_BOOL_CONVERSION = YES;
				CLANG_WARN_COMMA = YES;
				CLANG_WARN_CONSTANT_CONVERSION = YES;
				CLANG_WARN_DEPRECATED_OBJC_IMPLEMENTATIONS = YES;
				CLANG_WARN_DIRECT_OBJC_ISA_USAGE = YES_ERROR;
				CLANG_WARN_DOCUMENTATION_COMMENTS = YES;
				CLANG_WARN_EMPTY_BODY = YES;
				CLANG_WARN_ENUM_CONVERSION = YES;
				CLANG_WARN_INFINITE_RECURSION = YES;
				CLANG_WARN_INT_CONVERSION = YES;
				CLANG_WARN_NON_LITERAL_NULL_CONVERSION = YES;
				CLANG_WARN_OBJC_IMPLICIT_RETAIN_SELF = YES;
				CLANG_WARN_OBJC_LITERAL_CONVERSION = YES;
				CLANG_WARN_OBJC_ROOT_CLASS = YES_ERROR;
				CLANG_WARN_RANGE_LOOP_ANALYSIS = YES;
				CLANG_WARN_STRICT_PROTOTYPES = YES;
				CLANG_WARN_SUSPICIOUS_MOVE = YES;
				CLANG_WARN_UNGUARDED_AVAILABILITY = YES_AGGRESSIVE;
				CLANG_WARN_UNREACHABLE_CODE = YES;
				CLANG_WARN__DUPLICATE_METHOD_MATCH = YES;
				CODE_SIGN_IDENTITY = "iPhone Developer";
				COPY_PHASE_STRIP = NO;
				DEBUG_INFORMATION_FORMAT = dwarf;
				ENABLE_STRICT_OBJC_MSGSEND = YES;
				ENABLE_TESTABILITY = YES;
				GCC_C_LANGUAGE_STANDARD = gnu11;
				GCC_DYNAMIC_NO_PIC = NO;
				GCC_NO_COMMON_BLOCKS = YES;
				GCC_OPTIMIZATION_LEVEL = 0;
				GCC_PREPROCESSOR_DEFINITIONS = (
					"DEBUG=1",
					"$(inherited)",
				);
				GCC_WARN_64_TO_32_BIT_CONVERSION = YES;
				GCC_WARN_ABOUT_RETURN_TYPE = YES_ERROR;
				GCC_WARN_UNDECLARED_SELECTOR = YES;
				GCC_WARN_UNINITIALIZED_AUTOS = YES_AGGRESSIVE;
				GCC_WARN_UNUSED_FUNCTION = YES;
				GCC_WARN_UNUSED_VARIABLE = YES;
				IPHONEOS_DEPLOYMENT_TARGET = 11.3;
				MTL_ENABLE_DEBUG_INFO = YES;
				ONLY_ACTIVE_ARCH = YES;
				SDKROOT = iphoneos;
				SWIFT_ACTIVE_COMPILATION_CONDITIONS = DEBUG;
				SWIFT_OPTIMIZATION_LEVEL = "-Onone";
			};
			name = Debug;
		};
		C9194F19204D8B25002DCAC0 /* Release */ = {
			isa = XCBuildConfiguration;
			buildSettings = {
				ALWAYS_SEARCH_USER_PATHS = NO;
				CLANG_ANALYZER_NONNULL = YES;
				CLANG_ANALYZER_NUMBER_OBJECT_CONVERSION = YES_AGGRESSIVE;
				CLANG_CXX_LANGUAGE_STANDARD = "gnu++14";
				CLANG_CXX_LIBRARY = "libc++";
				CLANG_ENABLE_MODULES = YES;
				CLANG_ENABLE_OBJC_ARC = YES;
				CLANG_ENABLE_OBJC_WEAK = YES;
				CLANG_WARN_BLOCK_CAPTURE_AUTORELEASING = YES;
				CLANG_WARN_BOOL_CONVERSION = YES;
				CLANG_WARN_COMMA = YES;
				CLANG_WARN_CONSTANT_CONVERSION = YES;
				CLANG_WARN_DEPRECATED_OBJC_IMPLEMENTATIONS = YES;
				CLANG_WARN_DIRECT_OBJC_ISA_USAGE = YES_ERROR;
				CLANG_WARN_DOCUMENTATION_COMMENTS = YES;
				CLANG_WARN_EMPTY_BODY = YES;
				CLANG_WARN_ENUM_CONVERSION = YES;
				CLANG_WARN_INFINITE_RECURSION = YES;
				CLANG_WARN_INT_CONVERSION = YES;
				CLANG_WARN_NON_LITERAL_NULL_CONVERSION = YES;
				CLANG_WARN_OBJC_IMPLICIT_RETAIN_SELF = YES;
				CLANG_WARN_OBJC_LITERAL_CONVERSION = YES;
				CLANG_WARN_OBJC_ROOT_CLASS = YES_ERROR;
				CLANG_WARN_RANGE_LOOP_ANALYSIS = YES;
				CLANG_WARN_STRICT_PROTOTYPES = YES;
				CLANG_WARN_SUSPICIOUS_MOVE = YES;
				CLANG_WARN_UNGUARDED_AVAILABILITY = YES_AGGRESSIVE;
				CLANG_WARN_UNREACHABLE_CODE = YES;
				CLANG_WARN__DUPLICATE_METHOD_MATCH = YES;
				CODE_SIGN_IDENTITY = "iPhone Developer";
				COPY_PHASE_STRIP = NO;
				DEBUG_INFORMATION_FORMAT = "dwarf-with-dsym";
				ENABLE_NS_ASSERTIONS = NO;
				ENABLE_STRICT_OBJC_MSGSEND = YES;
				GCC_C_LANGUAGE_STANDARD = gnu11;
				GCC_NO_COMMON_BLOCKS = YES;
				GCC_WARN_64_TO_32_BIT_CONVERSION = YES;
				GCC_WARN_ABOUT_RETURN_TYPE = YES_ERROR;
				GCC_WARN_UNDECLARED_SELECTOR = YES;
				GCC_WARN_UNINITIALIZED_AUTOS = YES_AGGRESSIVE;
				GCC_WARN_UNUSED_FUNCTION = YES;
				GCC_WARN_UNUSED_VARIABLE = YES;
				IPHONEOS_DEPLOYMENT_TARGET = 11.3;
				MTL_ENABLE_DEBUG_INFO = NO;
				SDKROOT = iphoneos;
				SWIFT_OPTIMIZATION_LEVEL = "-Owholemodule";
				VALIDATE_PRODUCT = YES;
			};
			name = Release;
		};
		C9194F1B204D8B25002DCAC0 /* Debug */ = {
			isa = XCBuildConfiguration;
			baseConfigurationReference = D9511A8D68CF1F6C14C66590 /* Pods-Egen.debug.xcconfig */;
			buildSettings = {
				ASSETCATALOG_COMPILER_APPICON_NAME = AppIcon;
				CODE_SIGN_STYLE = Automatic;
				DEVELOPMENT_TEAM = 47RFMS75C8;
				INFOPLIST_FILE = Egen/Info.plist;
				LD_RUNPATH_SEARCH_PATHS = "$(inherited) @executable_path/Frameworks";
				PRODUCT_BUNDLE_IDENTIFIER = YinTokey.Egen;
				PRODUCT_NAME = "$(TARGET_NAME)";
				SWIFT_VERSION = 4.0;
				TARGETED_DEVICE_FAMILY = "1,2";
			};
			name = Debug;
		};
		C9194F1C204D8B25002DCAC0 /* Release */ = {
			isa = XCBuildConfiguration;
			baseConfigurationReference = B0A11C3E3D5BB8EDF77EE94D /* Pods-Egen.release.xcconfig */;
			buildSettings = {
				ASSETCATALOG_COMPILER_APPICON_NAME = AppIcon;
				CODE_SIGN_STYLE = Automatic;
				DEVELOPMENT_TEAM = 47RFMS75C8;
				INFOPLIST_FILE = Egen/Info.plist;
				LD_RUNPATH_SEARCH_PATHS = "$(inherited) @executable_path/Frameworks";
				PRODUCT_BUNDLE_IDENTIFIER = YinTokey.Egen;
				PRODUCT_NAME = "$(TARGET_NAME)";
				SWIFT_VERSION = 4.0;
				TARGETED_DEVICE_FAMILY = "1,2";
			};
			name = Release;
		};
/* End XCBuildConfiguration section */

/* Begin XCConfigurationList section */
		C9194F03204D8B24002DCAC0 /* Build configuration list for PBXProject "Egen" */ = {
			isa = XCConfigurationList;
			buildConfigurations = (
				C9194F18204D8B25002DCAC0 /* Debug */,
				C9194F19204D8B25002DCAC0 /* Release */,
			);
			defaultConfigurationIsVisible = 0;
			defaultConfigurationName = Release;
		};
		C9194F1A204D8B25002DCAC0 /* Build configuration list for PBXNativeTarget "Egen" */ = {
			isa = XCConfigurationList;
			buildConfigurations = (
				C9194F1B204D8B25002DCAC0 /* Debug */,
				C9194F1C204D8B25002DCAC0 /* Release */,
			);
			defaultConfigurationIsVisible = 0;
			defaultConfigurationName = Release;
		};
/* End XCConfigurationList section */
	};
	rootObject = C9194F00204D8B24002DCAC0 /* Project object */;
}
